
Microsoft Visual Studio Solution File, Format Version 12.00
# Visual Studio 2012
Project("{8BC9CEB8-8B4A-11D0-8D11-00A0C91BC942}") = "确定两串乱序同构", "确定两串乱序同构\确定两串乱序同构.vcxproj", "{A296C786-B944-42C4-91C7-A1F295D0826F}"
EndProject
Global
	GlobalSection(SolutionConfigurationPlatforms) = preSolution
		Debug|Win32 = Debug|Win32
		Release|Win32 = Release|Win32
	EndGlobalSection
	GlobalSection(ProjectConfigurationPlatforms) = postSolution
		{A296C786-B944-42C4-91C7-A1F295D0826F}.Debug|Win32.ActiveCfg = Debug|Win32
		{A296C786-B944-42C4-91C7-A1F295D0826F}.Debug|Win32.Build.0 = Debug|Win32
		{A296C786-B944-42C4-91C7-A1F295D0826F}.Release|Win32.ActiveCfg = Release|Win32
		{A296C786-B944-42C4-91C7-A1F295D0826F}.Release|Win32.Build.0 = Release|Win32
	EndGlobalSection
	GlobalSection(SolutionProperties) = preSolution
		HideSolutionNode = FALSE
	EndGlobalSection
EndGlobal
