
Microsoft Visual Studio Solution File, Format Version 12.00
# Visual Studio 2012
Project("{8BC9CEB8-8B4A-11D0-8D11-00A0C91BC942}") = "Remove Element", "Remove Element\Remove Element.vcxproj", "{BA5B0D5D-98DE-4B80-B4ED-18E8EBFE2F27}"
EndProject
Global
	GlobalSection(SolutionConfigurationPlatforms) = preSolution
		Debug|Win32 = Debug|Win32
		Release|Win32 = Release|Win32
	EndGlobalSection
	GlobalSection(ProjectConfigurationPlatforms) = postSolution
		{BA5B0D5D-98DE-4B80-B4ED-18E8EBFE2F27}.Debug|Win32.ActiveCfg = Debug|Win32
		{BA5B0D5D-98DE-4B80-B4ED-18E8EBFE2F27}.Debug|Win32.Build.0 = Debug|Win32
		{BA5B0D5D-98DE-4B80-B4ED-18E8EBFE2F27}.Release|Win32.ActiveCfg = Release|Win32
		{BA5B0D5D-98DE-4B80-B4ED-18E8EBFE2F27}.Release|Win32.Build.0 = Release|Win32
	EndGlobalSection
	GlobalSection(SolutionProperties) = preSolution
		HideSolutionNode = FALSE
	EndGlobalSection
EndGlobal
