
Microsoft Visual Studio Solution File, Format Version 12.00
# Visual Studio 2012
Project("{8BC9CEB8-8B4A-11D0-8D11-00A0C91BC942}") = "链表中倒数第k个结点", "链表中倒数第k个结点\链表中倒数第k个结点.vcxproj", "{CCB85EA3-E61F-4058-83D7-1DD81754A951}"
EndProject
Global
	GlobalSection(SolutionConfigurationPlatforms) = preSolution
		Debug|Win32 = Debug|Win32
		Release|Win32 = Release|Win32
	EndGlobalSection
	GlobalSection(ProjectConfigurationPlatforms) = postSolution
		{CCB85EA3-E61F-4058-83D7-1DD81754A951}.Debug|Win32.ActiveCfg = Debug|Win32
		{CCB85EA3-E61F-4058-83D7-1DD81754A951}.Debug|Win32.Build.0 = Debug|Win32
		{CCB85EA3-E61F-4058-83D7-1DD81754A951}.Release|Win32.ActiveCfg = Release|Win32
		{CCB85EA3-E61F-4058-83D7-1DD81754A951}.Release|Win32.Build.0 = Release|Win32
	EndGlobalSection
	GlobalSection(SolutionProperties) = preSolution
		HideSolutionNode = FALSE
	EndGlobalSection
EndGlobal
