
Microsoft Visual Studio Solution File, Format Version 12.00
# Visual Studio 2012
Project("{8BC9CEB8-8B4A-11D0-8D11-00A0C91BC942}") = "Word Pattern", "Word Pattern\Word Pattern.vcxproj", "{BDAD9492-988F-4234-8D98-CA55F05E766F}"
EndProject
Global
	GlobalSection(SolutionConfigurationPlatforms) = preSolution
		Debug|Win32 = Debug|Win32
		Release|Win32 = Release|Win32
	EndGlobalSection
	GlobalSection(ProjectConfigurationPlatforms) = postSolution
		{BDAD9492-988F-4234-8D98-CA55F05E766F}.Debug|Win32.ActiveCfg = Debug|Win32
		{BDAD9492-988F-4234-8D98-CA55F05E766F}.Debug|Win32.Build.0 = Debug|Win32
		{BDAD9492-988F-4234-8D98-CA55F05E766F}.Release|Win32.ActiveCfg = Release|Win32
		{BDAD9492-988F-4234-8D98-CA55F05E766F}.Release|Win32.Build.0 = Release|Win32
	EndGlobalSection
	GlobalSection(SolutionProperties) = preSolution
		HideSolutionNode = FALSE
	EndGlobalSection
EndGlobal
