
Microsoft Visual Studio Solution File, Format Version 12.00
# Visual Studio 2012
Project("{8BC9CEB8-8B4A-11D0-8D11-00A0C91BC942}") = "Remove Nth Node From End of List", "Remove Nth Node From End of List\Remove Nth Node From End of List.vcxproj", "{90554614-DDBB-4AC0-BA4D-433821B61BCF}"
EndProject
Global
	GlobalSection(SolutionConfigurationPlatforms) = preSolution
		Debug|Win32 = Debug|Win32
		Release|Win32 = Release|Win32
	EndGlobalSection
	GlobalSection(ProjectConfigurationPlatforms) = postSolution
		{90554614-DDBB-4AC0-BA4D-433821B61BCF}.Debug|Win32.ActiveCfg = Debug|Win32
		{90554614-DDBB-4AC0-BA4D-433821B61BCF}.Debug|Win32.Build.0 = Debug|Win32
		{90554614-DDBB-4AC0-BA4D-433821B61BCF}.Release|Win32.ActiveCfg = Release|Win32
		{90554614-DDBB-4AC0-BA4D-433821B61BCF}.Release|Win32.Build.0 = Release|Win32
	EndGlobalSection
	GlobalSection(SolutionProperties) = preSolution
		HideSolutionNode = FALSE
	EndGlobalSection
EndGlobal
