
Microsoft Visual Studio Solution File, Format Version 12.00
# Visual Studio 2012
Project("{8BC9CEB8-8B4A-11D0-8D11-00A0C91BC942}") = "Rectangle Area", "Rectangle Area\Rectangle Area.vcxproj", "{0C33F953-CD50-4185-A96E-487FAC7AB603}"
EndProject
Global
	GlobalSection(SolutionConfigurationPlatforms) = preSolution
		Debug|Win32 = Debug|Win32
		Release|Win32 = Release|Win32
	EndGlobalSection
	GlobalSection(ProjectConfigurationPlatforms) = postSolution
		{0C33F953-CD50-4185-A96E-487FAC7AB603}.Debug|Win32.ActiveCfg = Debug|Win32
		{0C33F953-CD50-4185-A96E-487FAC7AB603}.Debug|Win32.Build.0 = Debug|Win32
		{0C33F953-CD50-4185-A96E-487FAC7AB603}.Release|Win32.ActiveCfg = Release|Win32
		{0C33F953-CD50-4185-A96E-487FAC7AB603}.Release|Win32.Build.0 = Release|Win32
	EndGlobalSection
	GlobalSection(SolutionProperties) = preSolution
		HideSolutionNode = FALSE
	EndGlobalSection
EndGlobal
