
Microsoft Visual Studio Solution File, Format Version 12.00
# Visual Studio 2012
Project("{8BC9CEB8-8B4A-11D0-8D11-00A0C91BC942}") = "清除行列", "清除行列\清除行列.vcxproj", "{E8C05CDD-95F6-4221-ACD8-957FCC660E89}"
EndProject
Global
	GlobalSection(SolutionConfigurationPlatforms) = preSolution
		Debug|Win32 = Debug|Win32
		Release|Win32 = Release|Win32
	EndGlobalSection
	GlobalSection(ProjectConfigurationPlatforms) = postSolution
		{E8C05CDD-95F6-4221-ACD8-957FCC660E89}.Debug|Win32.ActiveCfg = Debug|Win32
		{E8C05CDD-95F6-4221-ACD8-957FCC660E89}.Debug|Win32.Build.0 = Debug|Win32
		{E8C05CDD-95F6-4221-ACD8-957FCC660E89}.Release|Win32.ActiveCfg = Release|Win32
		{E8C05CDD-95F6-4221-ACD8-957FCC660E89}.Release|Win32.Build.0 = Release|Win32
	EndGlobalSection
	GlobalSection(SolutionProperties) = preSolution
		HideSolutionNode = FALSE
	EndGlobalSection
EndGlobal
