
Microsoft Visual Studio Solution File, Format Version 12.00
# Visual Studio 2012
Project("{8BC9CEB8-8B4A-11D0-8D11-00A0C91BC942}") = "Valid Sudoku", "Valid Sudoku\Valid Sudoku.vcxproj", "{7FA64043-1CC7-4DAE-8C14-9796B9CCC475}"
EndProject
Global
	GlobalSection(SolutionConfigurationPlatforms) = preSolution
		Debug|Win32 = Debug|Win32
		Release|Win32 = Release|Win32
	EndGlobalSection
	GlobalSection(ProjectConfigurationPlatforms) = postSolution
		{7FA64043-1CC7-4DAE-8C14-9796B9CCC475}.Debug|Win32.ActiveCfg = Debug|Win32
		{7FA64043-1CC7-4DAE-8C14-9796B9CCC475}.Debug|Win32.Build.0 = Debug|Win32
		{7FA64043-1CC7-4DAE-8C14-9796B9CCC475}.Release|Win32.ActiveCfg = Release|Win32
		{7FA64043-1CC7-4DAE-8C14-9796B9CCC475}.Release|Win32.Build.0 = Release|Win32
	EndGlobalSection
	GlobalSection(SolutionProperties) = preSolution
		HideSolutionNode = FALSE
	EndGlobalSection
EndGlobal
